
Microsoft Visual Studio Solution File, Format Version 12.00
# Visual Studio Version 17
VisualStudioVersion = 17.10.34928.147
MinimumVisualStudioVersion = 10.0.40219.1
Project("{9A19103F-16F7-4668-BE54-9A1E7A4F7556}") = "Amazon Gift Cards API", "Amazon Gift Cards API\Amazon Gift Cards API.csproj", "{65C184CC-51F6-4F0D-A89C-DE2B3DB5B45B}"
EndProject
Project("{FAE04EC0-301F-11D3-BF4B-00C04F79EFBC}") = "Model", "Model\Model.csproj", "{AFA1200D-6639-402F-BBCF-1ADA8D10722D}"
EndProject
Project("{FAE04EC0-301F-11D3-BF4B-00C04F79EFBC}") = "Tests", "Tests\Tests.csproj", "{762A4D34-0D20-42C7-A147-2941AD8B51F3}"
EndProject
Global
	GlobalSection(SolutionConfigurationPlatforms) = preSolution
		Debug|Any CPU = Debug|Any CPU
		Release|Any CPU = Release|Any CPU
	EndGlobalSection
	GlobalSection(ProjectConfigurationPlatforms) = postSolution
		{65C184CC-51F6-4F0D-A89C-DE2B3DB5B45B}.Debug|Any CPU.ActiveCfg = Debug|Any CPU
		{65C184CC-51F6-4F0D-A89C-DE2B3DB5B45B}.Debug|Any CPU.Build.0 = Debug|Any CPU
		{65C184CC-51F6-4F0D-A89C-DE2B3DB5B45B}.Release|Any CPU.ActiveCfg = Release|Any CPU
		{65C184CC-51F6-4F0D-A89C-DE2B3DB5B45B}.Release|Any CPU.Build.0 = Release|Any CPU
		{AFA1200D-6639-402F-BBCF-1ADA8D10722D}.Debug|Any CPU.ActiveCfg = Debug|Any CPU
		{AFA1200D-6639-402F-BBCF-1ADA8D10722D}.Debug|Any CPU.Build.0 = Debug|Any CPU
		{AFA1200D-6639-402F-BBCF-1ADA8D10722D}.Release|Any CPU.ActiveCfg = Release|Any CPU
		{AFA1200D-6639-402F-BBCF-1ADA8D10722D}.Release|Any CPU.Build.0 = Release|Any CPU
		{762A4D34-0D20-42C7-A147-2941AD8B51F3}.Debug|Any CPU.ActiveCfg = Debug|Any CPU
		{762A4D34-0D20-42C7-A147-2941AD8B51F3}.Debug|Any CPU.Build.0 = Debug|Any CPU
		{762A4D34-0D20-42C7-A147-2941AD8B51F3}.Release|Any CPU.ActiveCfg = Release|Any CPU
		{762A4D34-0D20-42C7-A147-2941AD8B51F3}.Release|Any CPU.Build.0 = Release|Any CPU
	EndGlobalSection
	GlobalSection(SolutionProperties) = preSolution
		HideSolutionNode = FALSE
	EndGlobalSection
	GlobalSection(ExtensibilityGlobals) = postSolution
		SolutionGuid = {55A9F386-F16F-4E5A-9BAD-7C135FBA2A85}
	EndGlobalSection
EndGlobal
